
Microsoft Visual Studio Solution File, Format Version 12.00
# Visual Studio 15
VisualStudioVersion = 15.0.27130.2010
MinimumVisualStudioVersion = 10.0.40219.1
Project("{FAE04EC0-301F-11D3-BF4B-00C04F79EFBC}") = "MercuryHealthServices", "MercuryHealthServices\MercuryHealthServices.csproj", "{F7DDF49D-E0E6-4CC5-A088-27329256A310}"
EndProject
Project("{E53339B2-1760-4266-BCC7-CA923CBCF16C}") = "docker-compose", "docker-compose.dcproj", "{21B0C37B-23DE-477A-8659-6D9CDC8B16BE}"
EndProject
Global
	GlobalSection(SolutionConfigurationPlatforms) = preSolution
		Debug|Any CPU = Debug|Any CPU
		Release|Any CPU = Release|Any CPU
	EndGlobalSection
	GlobalSection(ProjectConfigurationPlatforms) = postSolution
		{F7DDF49D-E0E6-4CC5-A088-27329256A310}.Debug|Any CPU.ActiveCfg = Debug|Any CPU
		{F7DDF49D-E0E6-4CC5-A088-27329256A310}.Debug|Any CPU.Build.0 = Debug|Any CPU
		{F7DDF49D-E0E6-4CC5-A088-27329256A310}.Release|Any CPU.ActiveCfg = Release|Any CPU
		{F7DDF49D-E0E6-4CC5-A088-27329256A310}.Release|Any CPU.Build.0 = Release|Any CPU
		{21B0C37B-23DE-477A-8659-6D9CDC8B16BE}.Debug|Any CPU.ActiveCfg = Debug|Any CPU
		{21B0C37B-23DE-477A-8659-6D9CDC8B16BE}.Debug|Any CPU.Build.0 = Debug|Any CPU
		{21B0C37B-23DE-477A-8659-6D9CDC8B16BE}.Release|Any CPU.ActiveCfg = Release|Any CPU
		{21B0C37B-23DE-477A-8659-6D9CDC8B16BE}.Release|Any CPU.Build.0 = Release|Any CPU
	EndGlobalSection
	GlobalSection(SolutionProperties) = preSolution
		HideSolutionNode = FALSE
	EndGlobalSection
	GlobalSection(ExtensibilityGlobals) = postSolution
		SolutionGuid = {14558F91-8CB7-41BA-B706-F43EDC704B9C}
	EndGlobalSection
EndGlobal
